// !$*UTF8*$!
{
	archiveVersion = 1;
	classes = {
	};
	objectVersion = 50;
	objects = {

/* Begin PBXBuildFile section */
		8E1B7A932456D6AB00A12630 /* AppDelegate.swift in Sources */ = {isa = PBXBuildFile; fileRef = 8E1B7A922456D6AB00A12630 /* AppDelegate.swift */; };
		8E1B7A952456D6AB00A12630 /* SceneDelegate.swift in Sources */ = {isa = PBXBuildFile; fileRef = 8E1B7A942456D6AB00A12630 /* SceneDelegate.swift */; };
		8E1B7A982456D6AB00A12630 /* InterDevicePointer.xcdatamodeld in Sources */ = {isa = PBXBuildFile; fileRef = 8E1B7A962456D6AB00A12630 /* InterDevicePointer.xcdatamodeld */; };
		8E1B7A9A2456D6AB00A12630 /* ContentView.swift in Sources */ = {isa = PBXBuildFile; fileRef = 8E1B7A992456D6AB00A12630 /* ContentView.swift */; };
		8E1B7A9C2456D6AF00A12630 /* Assets.xcassets in Resources */ = {isa = PBXBuildFile; fileRef = 8E1B7A9B2456D6AF00A12630 /* Assets.xcassets */; };
		8E1B7A9F2456D6AF00A12630 /* Preview Assets.xcassets in Resources */ = {isa = PBXBuildFile; fileRef = 8E1B7A9E2456D6AF00A12630 /* Preview Assets.xcassets */; };
		8E1B7AA22456D6AF00A12630 /* LaunchScreen.storyboard in Resources */ = {isa = PBXBuildFile; fileRef = 8E1B7AA02456D6AF00A12630 /* LaunchScreen.storyboard */; };
/* End PBXBuildFile section */

/* Begin PBXFileReference section */
		8E1B7A8F2456D6AB00A12630 /* InterDevicePointer.app */ = {isa = PBXFileReference; explicitFileType = wrapper.application; includeInIndex = 0; path = InterDevicePointer.app; sourceTree = BUILT_PRODUCTS_DIR; };
		8E1B7A922456D6AB00A12630 /* AppDelegate.swift */ = {isa = PBXFileReference; lastKnownFileType = sourcecode.swift; path = AppDelegate.swift; sourceTree = "<group>"; };
		8E1B7A942456D6AB00A12630 /* SceneDelegate.swift */ = {isa = PBXFileReference; lastKnownFileType = sourcecode.swift; path = SceneDelegate.swift; sourceTree = "<group>"; };
		8E1B7A972456D6AB00A12630 /* InterDevicePointer.xcdatamodel */ = {isa = PBXFileReference; lastKnownFileType = wrapper.xcdatamodel; path = InterDevicePointer.xcdatamodel; sourceTree = "<group>"; };
		8E1B7A992456D6AB00A12630 /* ContentView.swift */ = {isa = PBXFileReference; lastKnownFileType = sourcecode.swift; path = ContentView.swift; sourceTree = "<group>"; };
		8E1B7A9B2456D6AF00A12630 /* Assets.xcassets */ = {isa = PBXFileReference; lastKnownFileType = folder.assetcatalog; path = Assets.xcassets; sourceTree = "<group>"; };
		8E1B7A9E2456D6AF00A12630 /* Preview Assets.xcassets */ = {isa = PBXFileReference; lastKnownFileType = folder.assetcatalog; path = "Preview Assets.xcassets"; sourceTree = "<group>"; };
		8E1B7AA12456D6AF00A12630 /* Base */ = {isa = PBXFileReference; lastKnownFileType = file.storyboard; name = Base; path = Base.lproj/LaunchScreen.storyboard; sourceTree = "<group>"; };
		8E1B7AA32456D6AF00A12630 /* Info.plist */ = {isa = PBXFileReference; lastKnownFileType = text.plist.xml; path = Info.plist; sourceTree = "<group>"; };
/* End PBXFileReference section */

/* Begin PBXFrameworksBuildPhase section */
		8E1B7A8C2456D6AB00A12630 /* Frameworks */ = {
			isa = PBXFrameworksBuildPhase;
			buildActionMask = 2147483647;
			files = (
			);
			runOnlyForDeploymentPostprocessing = 0;
		};
/* End PBXFrameworksBuildPhase section */

/* Begin PBXGroup section */
		8E1B7A862456D6AB00A12630 = {
			isa = PBXGroup;
			children = (
				8E1B7A912456D6AB00A12630 /* InterDevicePointer */,
				8E1B7A902456D6AB00A12630 /* Products */,
			);
			sourceTree = "<group>";
		};
		8E1B7A902456D6AB00A12630 /* Products */ = {
			isa = PBXGroup;
			children = (
				8E1B7A8F2456D6AB00A12630 /* InterDevicePointer.app */,
			);
			name = Products;
			sourceTree = "<group>";
		};
		8E1B7A912456D6AB00A12630 /* InterDevicePointer */ = {
			isa = PBXGroup;
			children = (
				8E1B7A922456D6AB00A12630 /* AppDelegate.swift */,
				8E1B7A942456D6AB00A12630 /* SceneDelegate.swift */,
				8E1B7A992456D6AB00A12630 /* ContentView.swift */,
				8E1B7A9B2456D6AF00A12630 /* Assets.xcassets */,
				8E1B7AA02456D6AF00A12630 /* LaunchScreen.storyboard */,
				8E1B7AA32456D6AF00A12630 /* Info.plist */,
				8E1B7A962456D6AB00A12630 /* InterDevicePointer.xcdatamodeld */,
				8E1B7A9D2456D6AF00A12630 /* Preview Content */,
			);
			path = InterDevicePointer;
			sourceTree = "<group>";
		};
		8E1B7A9D2456D6AF00A12630 /* Preview Content */ = {
			isa = PBXGroup;
			children = (
				8E1B7A9E2456D6AF00A12630 /* Preview Assets.xcassets */,
			);
			path = "Preview Content";
			sourceTree = "<group>";
		};
/* End PBXGroup section */

/* Begin PBXNativeTarget section */
		8E1B7A8E2456D6AB00A12630 /* InterDevicePointer */ = {
			isa = PBXNativeTarget;
			buildConfigurationList = 8E1B7AA62456D6AF00A12630 /* Build configuration list for PBXNativeTarget "InterDevicePointer" */;
			buildPhases = (
				8E1B7A8B2456D6AB00A12630 /* Sources */,
				8E1B7A8C2456D6AB00A12630 /* Frameworks */,
				8E1B7A8D2456D6AB00A12630 /* Resources */,
			);
			buildRules = (
			);
			dependencies = (
			);
			name = InterDevicePointer;
			productName = InterDevicePointer;
			productReference = 8E1B7A8F2456D6AB00A12630 /* InterDevicePointer.app */;
			productType = "com.apple.product-type.application";
		};
/* End PBXNativeTarget section */

/* Begin PBXProject section */
		8E1B7A872456D6AB00A12630 /* Project object */ = {
			isa = PBXProject;
			attributes = {
				LastSwiftUpdateCheck = 1120;
				LastUpgradeCheck = 1120;
				ORGANIZATIONNAME = "sachin jeph";
				TargetAttributes = {
					8E1B7A8E2456D6AB00A12630 = {
						CreatedOnToolsVersion = 11.2.1;
					};
				};
			};
			buildConfigurationList = 8E1B7A8A2456D6AB00A12630 /* Build configuration list for PBXProject "InterDevicePointer" */;
			compatibilityVersion = "Xcode 9.3";
			developmentRegion = en;
			hasScannedForEncodings = 0;
			knownRegions = (
				en,
				Base,
			);
			mainGroup = 8E1B7A862456D6AB00A12630;
			productRefGroup = 8E1B7A902456D6AB00A12630 /* Products */;
			projectDirPath = "";
			projectRoot = "";
			targets = (
				8E1B7A8E2456D6AB00A12630 /* InterDevicePointer */,
			);
		};
/* End PBXProject section */

/* Begin PBXResourcesBuildPhase section */
		8E1B7A8D2456D6AB00A12630 /* Resources */ = {
			isa = PBXResourcesBuildPhase;
			buildActionMask = 2147483647;
			files = (
				8E1B7AA22456D6AF00A12630 /* LaunchScreen.storyboard in Resources */,
				8E1B7A9F2456D6AF00A12630 /* Preview Assets.xcassets in Resources */,
				8E1B7A9C2456D6AF00A12630 /* Assets.xcassets in Resources */,
			);
			runOnlyForDeploymentPostprocessing = 0;
		};
/* End PBXResourcesBuildPhase section */

/* Begin PBXSourcesBuildPhase section */
		8E1B7A8B2456D6AB00A12630 /* Sources */ = {
			isa = PBXSourcesBuildPhase;
			buildActionMask = 2147483647;
			files = (
				8E1B7A932456D6AB00A12630 /* AppDelegate.swift in Sources */,
				8E1B7A982456D6AB00A12630 /* InterDevicePointer.xcdatamodeld in Sources */,
				8E1B7A9A2456D6AB00A12630 /* ContentView.swift in Sources */,
				8E1B7A952456D6AB00A12630 /* SceneDelegate.swift in Sources */,
			);
			runOnlyForDeploymentPostprocessing = 0;
		};
/* End PBXSourcesBuildPhase section */

/* Begin PBXVariantGroup section */
		8E1B7AA02456D6AF00A12630 /* LaunchScreen.storyboard */ = {
			isa = PBXVariantGroup;
			children = (
				8E1B7AA12456D6AF00A12630 /* Base */,
			);
			name = LaunchScreen.storyboard;
			sourceTree = "<group>";
		};
/* End PBXVariantGroup section */

/* Begin XCBuildConfiguration section */
		8E1B7AA42456D6AF00A12630 /* Debug */ = {
			isa = XCBuildConfiguration;
			buildSettings = {
				ALWAYS_SEARCH_USER_PATHS = NO;
				CLANG_ANALYZER_NONNULL = YES;
				CLANG_ANALYZER_NUMBER_OBJECT_CONVERSION = YES_AGGRESSIVE;
				CLANG_CXX_LANGUAGE_STANDARD = "gnu++14";
				CLANG_CXX_LIBRARY = "libc++";
				CLANG_ENABLE_MODULES = YES;
				CLANG_ENABLE_OBJC_ARC = YES;
				CLANG_ENABLE_OBJC_WEAK = YES;
				CLANG_WARN_BLOCK_CAPTURE_AUTORELEASING = YES;
				CLANG_WARN_BOOL_CONVERSION = YES;
				CLANG_WARN_COMMA = YES;
				CLANG_WARN_CONSTANT_CONVERSION = YES;
				CLANG_WARN_DEPRECATED_OBJC_IMPLEMENTATIONS = YES;
				CLANG_WARN_DIRECT_OBJC_ISA_USAGE = YES_ERROR;
				CLANG_WARN_DOCUMENTATION_COMMENTS = YES;
				CLANG_WARN_EMPTY_BODY = YES;
				CLANG_WARN_ENUM_CONVERSION = YES;
				CLANG_WARN_INFINITE_RECURSION = YES;
				CLANG_WARN_INT_CONVERSION = YES;
				CLANG_WARN_NON_LITERAL_NULL_CONVERSION = YES;
				CLANG_WARN_OBJC_IMPLICIT_RETAIN_SELF = YES;
				CLANG_WARN_OBJC_LITERAL_CONVERSION = YES;
				CLANG_WARN_OBJC_ROOT_CLASS = YES_ERROR;
				CLANG_WARN_RANGE_LOOP_ANALYSIS = YES;
				CLANG_WARN_STRICT_PROTOTYPES = YES;
				CLANG_WARN_SUSPICIOUS_MOVE = YES;
				CLANG_WARN_UNGUARDED_AVAILABILITY = YES_AGGRESSIVE;
				CLANG_WARN_UNREACHABLE_CODE = YES;
				CLANG_WARN__DUPLICATE_METHOD_MATCH = YES;
				COPY_PHASE_STRIP = NO;
				DEBUG_INFORMATION_FORMAT = dwarf;
				ENABLE_STRICT_OBJC_MSGSEND = YES;
				ENABLE_TESTABILITY = YES;
				GCC_C_LANGUAGE_STANDARD = gnu11;
				GCC_DYNAMIC_NO_PIC = NO;
				GCC_NO_COMMON_BLOCKS = YES;
				GCC_OPTIMIZATION_LEVEL = 0;
				GCC_PREPROCESSOR_DEFINITIONS = (
					"DEBUG=1",
					"$(inherited)",
				);
				GCC_WARN_64_TO_32_BIT_CONVERSION = YES;
				GCC_WARN_ABOUT_RETURN_TYPE = YES_ERROR;
				GCC_WARN_UNDECLARED_SELECTOR = YES;
				GCC_WARN_UNINITIALIZED_AUTOS = YES_AGGRESSIVE;
				GCC_WARN_UNUSED_FUNCTION = YES;
				GCC_WARN_UNUSED_VARIABLE = YES;
				IPHONEOS_DEPLOYMENT_TARGET = 13.2;
				MTL_ENABLE_DEBUG_INFO = INCLUDE_SOURCE;
				MTL_FAST_MATH = YES;
				ONLY_ACTIVE_ARCH = YES;
				SDKROOT = iphoneos;
				SWIFT_ACTIVE_COMPILATION_CONDITIONS = DEBUG;
				SWIFT_OPTIMIZATION_LEVEL = "-Onone";
			};
			name = Debug;
		};
		8E1B7AA52456D6AF00A12630 /* Release */ = {
			isa = XCBuildConfiguration;
			buildSettings = {
				ALWAYS_SEARCH_USER_PATHS = NO;
				CLANG_ANALYZER_NONNULL = YES;
				CLANG_ANALYZER_NUMBER_OBJECT_CONVERSION = YES_AGGRESSIVE;
				CLANG_CXX_LANGUAGE_STANDARD = "gnu++14";
				CLANG_CXX_LIBRARY = "libc++";
				CLANG_ENABLE_MODULES = YES;
				CLANG_ENABLE_OBJC_ARC = YES;
				CLANG_ENABLE_OBJC_WEAK = YES;
				CLANG_WARN_BLOCK_CAPTURE_AUTORELEASING = YES;
				CLANG_WARN_BOOL_CONVERSION = YES;
				CLANG_WARN_COMMA = YES;
				CLANG_WARN_CONSTANT_CONVERSION = YES;
				CLANG_WARN_DEPRECATED_OBJC_IMPLEMENTATIONS = YES;
				CLANG_WARN_DIRECT_OBJC_ISA_USAGE = YES_ERROR;
				CLANG_WARN_DOCUMENTATION_COMMENTS = YES;
				CLANG_WARN_EMPTY_BODY = YES;
				CLANG_WARN_ENUM_CONVERSION = YES;
				CLANG_WARN_INFINITE_RECURSION = YES;
				CLANG_WARN_INT_CONVERSION = YES;
				CLANG_WARN_NON_LITERAL_NULL_CONVERSION = YES;
				CLANG_WARN_OBJC_IMPLICIT_RETAIN_SELF = YES;
				CLANG_WARN_OBJC_LITERAL_CONVERSION = YES;
				CLANG_WARN_OBJC_ROOT_CLASS = YES_ERROR;
				CLANG_WARN_RANGE_LOOP_ANALYSIS = YES;
				CLANG_WARN_STRICT_PROTOTYPES = YES;
				CLANG_WARN_SUSPICIOUS_MOVE = YES;
				CLANG_WARN_UNGUARDED_AVAILABILITY = YES_AGGRESSIVE;
				CLANG_WARN_UNREACHABLE_CODE = YES;
				CLANG_WARN__DUPLICATE_METHOD_MATCH = YES;
				COPY_PHASE_STRIP = NO;
				DEBUG_INFORMATION_FORMAT = "dwarf-with-dsym";
				ENABLE_NS_ASSERTIONS = NO;
				ENABLE_STRICT_OBJC_MSGSEND = YES;
				GCC_C_LANGUAGE_STANDARD = gnu11;
				GCC_NO_COMMON_BLOCKS = YES;
				GCC_WARN_64_TO_32_BIT_CONVERSION = YES;
				GCC_WARN_ABOUT_RETURN_TYPE = YES_ERROR;
				GCC_WARN_UNDECLARED_SELECTOR = YES;
				GCC_WARN_UNINITIALIZED_AUTOS = YES_AGGRESSIVE;
				GCC_WARN_UNUSED_FUNCTION = YES;
				GCC_WARN_UNUSED_VARIABLE = YES;
				IPHONEOS_DEPLOYMENT_TARGET = 13.2;
				MTL_ENABLE_DEBUG_INFO = NO;
				MTL_FAST_MATH = YES;
				SDKROOT = iphoneos;
				SWIFT_COMPILATION_MODE = wholemodule;
				SWIFT_OPTIMIZATION_LEVEL = "-O";
				VALIDATE_PRODUCT = YES;
			};
			name = Release;
		};
		8E1B7AA72456D6AF00A12630 /* Debug */ = {
			isa = XCBuildConfiguration;
			buildSettings = {
				ASSETCATALOG_COMPILER_APPICON_NAME = AppIcon;
				CODE_SIGN_STYLE = Automatic;
				DEVELOPMENT_ASSET_PATHS = "\"InterDevicePointer/Preview Content\"";
				DEVELOPMENT_TEAM = 34XRA32US9;
				ENABLE_PREVIEWS = YES;
				INFOPLIST_FILE = InterDevicePointer/Info.plist;
				LD_RUNPATH_SEARCH_PATHS = (
					"$(inherited)",
					"@executable_path/Frameworks",
				);
				PRODUCT_BUNDLE_IDENTIFIER = Think.InterDevicePointer;
				PRODUCT_NAME = "$(TARGET_NAME)";
				SWIFT_VERSION = 5.0;
				TARGETED_DEVICE_FAMILY = "1,2";
			};
			name = Debug;
		};
		8E1B7AA82456D6AF00A12630 /* Release */ = {
			isa = XCBuildConfiguration;
			buildSettings = {
				ASSETCATALOG_COMPILER_APPICON_NAME = AppIcon;
				CODE_SIGN_STYLE = Automatic;
				DEVELOPMENT_ASSET_PATHS = "\"InterDevicePointer/Preview Content\"";
				DEVELOPMENT_TEAM = 34XRA32US9;
				ENABLE_PREVIEWS = YES;
				INFOPLIST_FILE = InterDevicePointer/Info.plist;
				LD_RUNPATH_SEARCH_PATHS = (
					"$(inherited)",
					"@executable_path/Frameworks",
				);
				PRODUCT_BUNDLE_IDENTIFIER = Think.InterDevicePointer;
				PRODUCT_NAME = "$(TARGET_NAME)";
				SWIFT_VERSION = 5.0;
				TARGETED_DEVICE_FAMILY = "1,2";
			};
			name = Release;
		};
/* End XCBuildConfiguration section */

/* Begin XCConfigurationList section */
		8E1B7A8A2456D6AB00A12630 /* Build configuration list for PBXProject "InterDevicePointer" */ = {
			isa = XCConfigurationList;
			buildConfigurations = (
				8E1B7AA42456D6AF00A12630 /* Debug */,
				8E1B7AA52456D6AF00A12630 /* Release */,
			);
			defaultConfigurationIsVisible = 0;
			defaultConfigurationName = Release;
		};
		8E1B7AA62456D6AF00A12630 /* Build configuration list for PBXNativeTarget "InterDevicePointer" */ = {
			isa = XCConfigurationList;
			buildConfigurations = (
				8E1B7AA72456D6AF00A12630 /* Debug */,
				8E1B7AA82456D6AF00A12630 /* Release */,
			);
			defaultConfigurationIsVisible = 0;
			defaultConfigurationName = Release;
		};
/* End XCConfigurationList section */

/* Begin XCVersionGroup section */
		8E1B7A962456D6AB00A12630 /* InterDevicePointer.xcdatamodeld */ = {
			isa = XCVersionGroup;
			children = (
				8E1B7A972456D6AB00A12630 /* InterDevicePointer.xcdatamodel */,
			);
			currentVersion = 8E1B7A972456D6AB00A12630 /* InterDevicePointer.xcdatamodel */;
			path = InterDevicePointer.xcdatamodeld;
			sourceTree = "<group>";
			versionGroupType = wrapper.xcdatamodel;
		};
/* End XCVersionGroup section */
	};
	rootObject = 8E1B7A872456D6AB00A12630 /* Project object */;
}
